
Microsoft Visual Studio Solution File, Format Version 12.00
# Visual Studio 14
VisualStudioVersion = 14.0.24720.0
MinimumVisualStudioVersion = 10.0.40219.1
Project("{FAE04EC0-301F-11D3-BF4B-00C04F79EFBC}") = "BdInsight.Core", "BdInsight.Core\BdInsight.Core.csproj", "{2E2CA40A-8FDC-4686-9A5F-D6C45E83B36D}"
EndProject
Project("{FAE04EC0-301F-11D3-BF4B-00C04F79EFBC}") = "BdInsight.Core.Tests", "BdInsight.Core.Tests\BdInsight.Core.Tests.csproj", "{24412BAD-9029-4971-B01E-A53BB5D73853}"
EndProject
Global
	GlobalSection(SolutionConfigurationPlatforms) = preSolution
		Debug|Any CPU = Debug|Any CPU
		Release|Any CPU = Release|Any CPU
	EndGlobalSection
	GlobalSection(ProjectConfigurationPlatforms) = postSolution
		{2E2CA40A-8FDC-4686-9A5F-D6C45E83B36D}.Debug|Any CPU.ActiveCfg = Debug|Any CPU
		{2E2CA40A-8FDC-4686-9A5F-D6C45E83B36D}.Debug|Any CPU.Build.0 = Debug|Any CPU
		{2E2CA40A-8FDC-4686-9A5F-D6C45E83B36D}.Release|Any CPU.ActiveCfg = Release|Any CPU
		{2E2CA40A-8FDC-4686-9A5F-D6C45E83B36D}.Release|Any CPU.Build.0 = Release|Any CPU
		{24412BAD-9029-4971-B01E-A53BB5D73853}.Debug|Any CPU.ActiveCfg = Debug|Any CPU
		{24412BAD-9029-4971-B01E-A53BB5D73853}.Debug|Any CPU.Build.0 = Debug|Any CPU
		{24412BAD-9029-4971-B01E-A53BB5D73853}.Release|Any CPU.ActiveCfg = Release|Any CPU
		{24412BAD-9029-4971-B01E-A53BB5D73853}.Release|Any CPU.Build.0 = Release|Any CPU
	EndGlobalSection
	GlobalSection(SolutionProperties) = preSolution
		HideSolutionNode = FALSE
	EndGlobalSection
EndGlobal
